
Microsoft Visual Studio Solution File, Format Version 11.00
# Visual Studio 2010
Project("{FAE04EC0-301F-11D3-BF4B-00C04F79EFBC}") = "Assembly-CSharp-firstpass", "Assembly-CSharp-firstpass.csproj", "{dbbaa11d-fb1d-5e9f-ecaa-6a590374baf2}"
EndProject
Project("{FAE04EC0-301F-11D3-BF4B-00C04F79EFBC}") = "Assembly-CSharp-Editor-firstpass", "Assembly-CSharp-Editor-firstpass.csproj", "{c5eeffdb-4ed3-4c6d-bdc2-66cfbb27e16d}"
EndProject
Global
	GlobalSection(SolutionConfigurationPlatforms) = preSolution
		Debug|Any CPU = Debug|Any CPU
		Release|Any CPU = Release|Any CPU
	EndGlobalSection
	GlobalSection(ProjectConfigurationPlatforms) = postSolution
		{dbbaa11d-fb1d-5e9f-ecaa-6a590374baf2}.Debug|Any CPU.ActiveCfg = Debug|Any CPU
		{dbbaa11d-fb1d-5e9f-ecaa-6a590374baf2}.Debug|Any CPU.Build.0 = Debug|Any CPU
		{dbbaa11d-fb1d-5e9f-ecaa-6a590374baf2}.Release|Any CPU.ActiveCfg = Release|Any CPU
		{dbbaa11d-fb1d-5e9f-ecaa-6a590374baf2}.Release|Any CPU.Build.0 = Release|Any CPU
		{c5eeffdb-4ed3-4c6d-bdc2-66cfbb27e16d}.Debug|Any CPU.ActiveCfg = Debug|Any CPU
		{c5eeffdb-4ed3-4c6d-bdc2-66cfbb27e16d}.Debug|Any CPU.Build.0 = Debug|Any CPU
		{c5eeffdb-4ed3-4c6d-bdc2-66cfbb27e16d}.Release|Any CPU.ActiveCfg = Release|Any CPU
		{c5eeffdb-4ed3-4c6d-bdc2-66cfbb27e16d}.Release|Any CPU.Build.0 = Release|Any CPU
	EndGlobalSection
	GlobalSection(SolutionProperties) = preSolution
		HideSolutionNode = FALSE
	EndGlobalSection
EndGlobal
